
Microsoft Visual Studio Solution File, Format Version 12.00
# Visual Studio Version 16
VisualStudioVersion = 16.0.30413.136
MinimumVisualStudioVersion = 10.0.40219.1
Project("{9A19103F-16F7-4668-BE54-9A1E7A4F7556}") = "OnSpa.Common", "OnSpa.Common\OnSpa.Common.csproj", "{159638D3-068C-4116-B331-E9471711225A}"
EndProject
Project("{9A19103F-16F7-4668-BE54-9A1E7A4F7556}") = "OnSpa.Web", "OnSpa.Web\OnSpa.Web.csproj", "{8E5A57DD-70C5-4FC5-A6E6-A1929A4D64F9}"
EndProject
Project("{9A19103F-16F7-4668-BE54-9A1E7A4F7556}") = "OnSpa.Prism", "OnSpa.Prism\OnSpa.Prism\OnSpa.Prism.csproj", "{43D76DE7-1701-4033-8E07-358E08C59502}"
EndProject
Project("{FAE04EC0-301F-11D3-BF4B-00C04F79EFBC}") = "OnSpa.Prism.Android", "OnSpa.Prism\OnSpa.Prism.Android\OnSpa.Prism.Android.csproj", "{E87D3BB0-4976-4F9F-BDDA-8DB4E3CCEA0F}"
EndProject
Global
	GlobalSection(SolutionConfigurationPlatforms) = preSolution
		Debug|Any CPU = Debug|Any CPU
		Release|Any CPU = Release|Any CPU
	EndGlobalSection
	GlobalSection(ProjectConfigurationPlatforms) = postSolution
		{159638D3-068C-4116-B331-E9471711225A}.Debug|Any CPU.ActiveCfg = Debug|Any CPU
		{159638D3-068C-4116-B331-E9471711225A}.Debug|Any CPU.Build.0 = Debug|Any CPU
		{159638D3-068C-4116-B331-E9471711225A}.Release|Any CPU.ActiveCfg = Release|Any CPU
		{159638D3-068C-4116-B331-E9471711225A}.Release|Any CPU.Build.0 = Release|Any CPU
		{8E5A57DD-70C5-4FC5-A6E6-A1929A4D64F9}.Debug|Any CPU.ActiveCfg = Debug|Any CPU
		{8E5A57DD-70C5-4FC5-A6E6-A1929A4D64F9}.Debug|Any CPU.Build.0 = Debug|Any CPU
		{8E5A57DD-70C5-4FC5-A6E6-A1929A4D64F9}.Release|Any CPU.ActiveCfg = Release|Any CPU
		{8E5A57DD-70C5-4FC5-A6E6-A1929A4D64F9}.Release|Any CPU.Build.0 = Release|Any CPU
		{43D76DE7-1701-4033-8E07-358E08C59502}.Debug|Any CPU.ActiveCfg = Debug|Any CPU
		{43D76DE7-1701-4033-8E07-358E08C59502}.Debug|Any CPU.Build.0 = Debug|Any CPU
		{43D76DE7-1701-4033-8E07-358E08C59502}.Release|Any CPU.ActiveCfg = Release|Any CPU
		{43D76DE7-1701-4033-8E07-358E08C59502}.Release|Any CPU.Build.0 = Release|Any CPU
		{E87D3BB0-4976-4F9F-BDDA-8DB4E3CCEA0F}.Debug|Any CPU.ActiveCfg = Debug|Any CPU
		{E87D3BB0-4976-4F9F-BDDA-8DB4E3CCEA0F}.Debug|Any CPU.Build.0 = Debug|Any CPU
		{E87D3BB0-4976-4F9F-BDDA-8DB4E3CCEA0F}.Debug|Any CPU.Deploy.0 = Debug|Any CPU
		{E87D3BB0-4976-4F9F-BDDA-8DB4E3CCEA0F}.Release|Any CPU.ActiveCfg = Release|Any CPU
		{E87D3BB0-4976-4F9F-BDDA-8DB4E3CCEA0F}.Release|Any CPU.Build.0 = Release|Any CPU
		{E87D3BB0-4976-4F9F-BDDA-8DB4E3CCEA0F}.Release|Any CPU.Deploy.0 = Release|Any CPU
	EndGlobalSection
	GlobalSection(SolutionProperties) = preSolution
		HideSolutionNode = FALSE
	EndGlobalSection
	GlobalSection(ExtensibilityGlobals) = postSolution
		RESX_PrefixTranslations = False
		SolutionGuid = {FD27BC64-8828-4D80-98AF-AE8AA29179E4}
	EndGlobalSection
EndGlobal
